
Microsoft Visual Studio Solution File, Format Version 12.00
# Visual Studio Version 17
VisualStudioVersion = 17.2.32616.157
MinimumVisualStudioVersion = 10.0.40219.1
Project("{FAE04EC0-301F-11D3-BF4B-00C04F79EFBC}") = "CP02", "CP02.csproj", "{0C32FFFA-8445-46BF-A916-A183B141F59B}"
EndProject
Global
	GlobalSection(SolutionConfigurationPlatforms) = preSolution
		Debug|Any CPU = Debug|Any CPU
		Release|Any CPU = Release|Any CPU
	EndGlobalSection
	GlobalSection(ProjectConfigurationPlatforms) = postSolution
		{0C32FFFA-8445-46BF-A916-A183B141F59B}.Debug|Any CPU.ActiveCfg = Debug|Any CPU
		{0C32FFFA-8445-46BF-A916-A183B141F59B}.Debug|Any CPU.Build.0 = Debug|Any CPU
		{0C32FFFA-8445-46BF-A916-A183B141F59B}.Release|Any CPU.ActiveCfg = Release|Any CPU
		{0C32FFFA-8445-46BF-A916-A183B141F59B}.Release|Any CPU.Build.0 = Release|Any CPU
	EndGlobalSection
	GlobalSection(SolutionProperties) = preSolution
		HideSolutionNode = FALSE
	EndGlobalSection
	GlobalSection(ExtensibilityGlobals) = postSolution
		SolutionGuid = {984A12B2-B0F4-47BB-9D0A-704E9859FFF9}
	EndGlobalSection
EndGlobal
